
Microsoft Visual Studio Solution File, Format Version 12.00
# Visual Studio Version 17
VisualStudioVersion = 17.11.35327.3
MinimumVisualStudioVersion = 10.0.40219.1
Project("{FAE04EC0-301F-11D3-BF4B-00C04F79EFBC}") = "OneDCPU", "OneDCPU\OneDCPU.csproj", "{D5E7971C-1079-48E7-904F-01166B4C9814}"
EndProject
Project("{FAE04EC0-301F-11D3-BF4B-00C04F79EFBC}") = "Tests", "TestOneDCPU\Tests.csproj", "{9EF9D5C7-5892-4F74-B998-4054E73E4DA9}"
EndProject
Project("{2150E333-8FDC-42A3-9474-1A3956D46DE8}") = "ソリューション項目", "ソリューション項目", "{B902E019-6337-4756-83F9-5C5604553507}"
EndProject
Global
	GlobalSection(SolutionConfigurationPlatforms) = preSolution
		Debug|Any CPU = Debug|Any CPU
		Release|Any CPU = Release|Any CPU
	EndGlobalSection
	GlobalSection(ProjectConfigurationPlatforms) = postSolution
		{D5E7971C-1079-48E7-904F-01166B4C9814}.Debug|Any CPU.ActiveCfg = Debug|Any CPU
		{D5E7971C-1079-48E7-904F-01166B4C9814}.Debug|Any CPU.Build.0 = Debug|Any CPU
		{D5E7971C-1079-48E7-904F-01166B4C9814}.Release|Any CPU.ActiveCfg = Release|Any CPU
		{D5E7971C-1079-48E7-904F-01166B4C9814}.Release|Any CPU.Build.0 = Release|Any CPU
		{9EF9D5C7-5892-4F74-B998-4054E73E4DA9}.Debug|Any CPU.ActiveCfg = Debug|Any CPU
		{9EF9D5C7-5892-4F74-B998-4054E73E4DA9}.Debug|Any CPU.Build.0 = Debug|Any CPU
		{9EF9D5C7-5892-4F74-B998-4054E73E4DA9}.Release|Any CPU.ActiveCfg = Release|Any CPU
		{9EF9D5C7-5892-4F74-B998-4054E73E4DA9}.Release|Any CPU.Build.0 = Release|Any CPU
	EndGlobalSection
	GlobalSection(SolutionProperties) = preSolution
		HideSolutionNode = FALSE
	EndGlobalSection
	GlobalSection(ExtensibilityGlobals) = postSolution
		SolutionGuid = {15048EA8-AA83-47E1-8751-09D7F9F7F051}
	EndGlobalSection
EndGlobal
